{
  "name": "begin-app-get-index",
  "requires": true,
  "lockfileVersion": 1,
  "dependencies": {
    "@architect/functions": {
      "version": "3.13.8",
      "resolved": "https://registry.npmjs.org/@architect/functions/-/functions-3.13.8.tgz",
      "integrity": "sha512-rfa++aKy2jvaO/qM1+nK2665GBcmuOnJUaXmYaaYPhThQ7idYJgmysibKjk8jQngRrLyv4MN23mdjm9gCZNwaA==",
      "requires": {
        "aws-serverless-express": "^3.3.8",
        "cookie": "^0.4.1",
        "cookie-signature": "^1.1.0",
        "csrf": "^3.1.0",
        "mime-types": "^2.1.27",
        "node-webtokens": "^1.0.4",
        "run-parallel": "^1.1.10",
        "run-waterfall": "^1.1.7",
        "uid-safe": "^2.1.5"
      }
    },
    "@architect/parser": {
      "version": "2.3.0",
      "resolved": "https://registry.npmjs.org/@architect/parser/-/parser-2.3.0.tgz",
      "integrity": "sha512-5VnJNg4O49QSAW2hYPpG0pkgwBF5xGzQTn2fiNifztCynLrGNgyaloFrn1eVMIGDjq85+x6a5jai+zKN+dKUSA=="
    },
    "@begin/data": {
      "version": "1.2.3",
      "resolved": "https://registry.npmjs.org/@begin/data/-/data-1.2.3.tgz",
      "integrity": "sha512-C6ITWRCbef2H2pIZ+PtYTES2d6gvhDnkhqg0rXW6FL1recjfASGpFtOcaohZ0vHuKxyFTSDnS1j3lAeC7AaCdg==",
      "requires": {
        "@architect/parser": "^2.1.5",
        "@begin/hashid": "^1.0.0",
        "run-parallel": "^1.1.9",
        "run-waterfall": "^1.1.6"
      }
    },
    "@begin/hashid": {
      "version": "1.0.0",
      "resolved": "https://registry.npmjs.org/@begin/hashid/-/hashid-1.0.0.tgz",
      "integrity": "sha512-w+U9klEtRkt7hyW/f+/SvwPgJ4CTMO2ENddisX9dGgLUZKu+iKpb/IhYnQWIt9/Nnm/5DkApmiHGimPs621wwA=="
    },
    "@vendia/serverless-express": {
      "version": "3.4.0",
      "resolved": "https://registry.npmjs.org/@vendia/serverless-express/-/serverless-express-3.4.0.tgz",
      "integrity": "sha512-/UAAbi9qRjUtjRISt5MJ1sfhtrHb26hqQ0nvE5qhMLsAdR5H7ErBwPD8Q/v2OENKm0iWsGwErIZEg7ebUeFDjQ==",
      "requires": {
        "binary-case": "^1.0.0",
        "type-is": "^1.6.16"
      }
    },
    "aws-serverless-express": {
      "version": "3.4.0",
      "resolved": "https://registry.npmjs.org/aws-serverless-express/-/aws-serverless-express-3.4.0.tgz",
      "integrity": "sha512-YG9ZjAOI9OpwqDDWzkRc3kKJYJuR7gTMjLa3kAWopO17myoprxskCUyCEee+RKe34tcR4UNrVtgAwW5yDe74bw==",
      "requires": {
        "@vendia/serverless-express": "^3.4.0",
        "binary-case": "^1.0.0",
        "type-is": "^1.6.16"
      }
    },
    "binary-case": {
      "version": "1.1.4",
      "resolved": "https://registry.npmjs.org/binary-case/-/binary-case-1.1.4.tgz",
      "integrity": "sha512-9Kq8m6NZTAgy05Ryuh7U3Qc4/ujLQU1AZ5vMw4cr3igTdi5itZC6kCNrRr2X8NzPiDn2oUIFTfa71DKMnue/Zg=="
    },
    "cookie": {
      "version": "0.4.1",
      "resolved": "https://registry.npmjs.org/cookie/-/cookie-0.4.1.tgz",
      "integrity": "sha512-ZwrFkGJxUR3EIoXtO+yVE69Eb7KlixbaeAWfBQB9vVsNn/o+Yw69gBWSSDK825hQNdN+wF8zELf3dFNl/kxkUA=="
    },
    "cookie-signature": {
      "version": "1.1.0",
      "resolved": "https://registry.npmjs.org/cookie-signature/-/cookie-signature-1.1.0.tgz",
      "integrity": "sha512-Alvs19Vgq07eunykd3Xy2jF0/qSNv2u7KDbAek9H5liV1UMijbqFs5cycZvv5dVsvseT/U4H8/7/w8Koh35C4A=="
    },
    "csrf": {
      "version": "3.1.0",
      "resolved": "https://registry.npmjs.org/csrf/-/csrf-3.1.0.tgz",
      "integrity": "sha512-uTqEnCvWRk042asU6JtapDTcJeeailFy4ydOQS28bj1hcLnYRiqi8SsD2jS412AY1I/4qdOwWZun774iqywf9w==",
      "requires": {
        "rndm": "1.2.0",
        "tsscmp": "1.0.6",
        "uid-safe": "2.1.5"
      }
    },
    "dotenv": {
      "version": "8.2.0",
      "resolved": "https://registry.npmjs.org/dotenv/-/dotenv-8.2.0.tgz",
      "integrity": "sha512-8sJ78ElpbDJBHNeBzUbUVLsqKdccaa/BXF1uPTw3GrvQTBgrQrtObr2mUrE38vzYd8cEv+m/JBfDLioYcfXoaw=="
    },
    "isomorphic-fetch": {
      "version": "3.0.0",
      "resolved": "https://registry.npmjs.org/isomorphic-fetch/-/isomorphic-fetch-3.0.0.tgz",
      "integrity": "sha512-qvUtwJ3j6qwsF3jLxkZ72qCgjMysPzDfeV240JHiGZsANBYd+EEuu35v7dfrJ9Up0Ak07D7GGSkGhCHTqg/5wA==",
      "requires": {
        "node-fetch": "^2.6.1",
        "whatwg-fetch": "^3.4.1"
      }
    },
    "media-typer": {
      "version": "0.3.0",
      "resolved": "https://registry.npmjs.org/media-typer/-/media-typer-0.3.0.tgz",
      "integrity": "sha1-hxDXrwqmJvj/+hzgAWhUUmMlV0g="
    },
    "mime-db": {
      "version": "1.44.0",
      "resolved": "https://registry.npmjs.org/mime-db/-/mime-db-1.44.0.tgz",
      "integrity": "sha512-/NOTfLrsPBVeH7YtFPgsVWveuL+4SjjYxaQ1xtM1KMFj7HdxlBlxeyNLzhyJVx7r4rZGJAZ/6lkKCitSc/Nmpg=="
    },
    "mime-types": {
      "version": "2.1.27",
      "resolved": "https://registry.npmjs.org/mime-types/-/mime-types-2.1.27.tgz",
      "integrity": "sha512-JIhqnCasI9yD+SsmkquHBxTSEuZdQX5BuQnS2Vc7puQQQ+8yiP5AY5uWhpdv4YL4VM5c6iliiYWPgJ/nJQLp7w==",
      "requires": {
        "mime-db": "1.44.0"
      }
    },
    "node-fetch": {
      "version": "2.6.1",
      "resolved": "https://registry.npmjs.org/node-fetch/-/node-fetch-2.6.1.tgz",
      "integrity": "sha512-V4aYg89jEoVRxRb2fJdAg8FHvI7cEyYdVAh94HH0UIK8oJxUfkjlDQN9RbMx+bEjP7+ggMiFRprSti032Oipxw=="
    },
    "node-webtokens": {
      "version": "1.0.4",
      "resolved": "https://registry.npmjs.org/node-webtokens/-/node-webtokens-1.0.4.tgz",
      "integrity": "sha512-Sla56CeSLWvPbwud2kogqf5edQtKNXZBtXDDpmOzAgNZjwETbK/Am6PXfs54iZPLBm8K8amZ9XWaCQwGqZmKyQ=="
    },
    "random-bytes": {
      "version": "1.0.0",
      "resolved": "https://registry.npmjs.org/random-bytes/-/random-bytes-1.0.0.tgz",
      "integrity": "sha1-T2ih3Arli9P7lYSMMDJNt11kNgs="
    },
    "rndm": {
      "version": "1.2.0",
      "resolved": "https://registry.npmjs.org/rndm/-/rndm-1.2.0.tgz",
      "integrity": "sha1-8z/pz7Urv9UgqhgyO8ZdsRCht2w="
    },
    "run-parallel": {
      "version": "1.1.10",
      "resolved": "https://registry.npmjs.org/run-parallel/-/run-parallel-1.1.10.tgz",
      "integrity": "sha512-zb/1OuZ6flOlH6tQyMPUrE3x3Ulxjlo9WIVXR4yVYi4H9UXQaeIsPbLn2R3O3vQCnDKkAl2qHiuocKKX4Tz/Sw=="
    },
    "run-waterfall": {
      "version": "1.1.7",
      "resolved": "https://registry.npmjs.org/run-waterfall/-/run-waterfall-1.1.7.tgz",
      "integrity": "sha512-iFPgh7SatHXOG1ClcpdwHI63geV3Hc/iL6crGSyBlH2PY7Rm/za+zoKz6FfY/Qlw5K7JwSol8pseO8fN6CMhhQ=="
    },
    "tsscmp": {
      "version": "1.0.6",
      "resolved": "https://registry.npmjs.org/tsscmp/-/tsscmp-1.0.6.tgz",
      "integrity": "sha512-LxhtAkPDTkVCMQjt2h6eBVY28KCjikZqZfMcC15YBeNjkgUpdCfBu5HoiOTDu86v6smE8yOjyEktJ8hlbANHQA=="
    },
    "type-is": {
      "version": "1.6.18",
      "resolved": "https://registry.npmjs.org/type-is/-/type-is-1.6.18.tgz",
      "integrity": "sha512-TkRKr9sUTxEH8MdfuCSP7VizJyzRNMjj2J2do2Jr3Kym598JVdEksuzPQCnlFPW4ky9Q+iA+ma9BGm06XQBy8g==",
      "requires": {
        "media-typer": "0.3.0",
        "mime-types": "~2.1.24"
      }
    },
    "uid-safe": {
      "version": "2.1.5",
      "resolved": "https://registry.npmjs.org/uid-safe/-/uid-safe-2.1.5.tgz",
      "integrity": "sha512-KPHm4VL5dDXKz01UuEd88Df+KzynaohSL9fBh096KWAxSKZQDI2uBrVqtvRM4rwrIrRRKsdLNML/lnaaVSRioA==",
      "requires": {
        "random-bytes": "~1.0.0"
      }
    },
    "waait": {
      "version": "1.0.5",
      "resolved": "https://registry.npmjs.org/waait/-/waait-1.0.5.tgz",
      "integrity": "sha512-wp+unA4CpqxvBUKHHv8D86fK4jWByHAWyhEXXVHfVUZfK+16ylpj7hjQ58Z8j9ntu8XNukRQT8Fi5qbyJ8rkyw=="
    },
    "whatwg-fetch": {
      "version": "3.5.0",
      "resolved": "https://registry.npmjs.org/whatwg-fetch/-/whatwg-fetch-3.5.0.tgz",
      "integrity": "sha512-jXkLtsR42xhXg7akoDKvKWE40eJeI+2KZqcp2h3NsOrRnDvtWX36KcKl30dy+hxECivdk2BVUHVNrPtoMBUx6A=="
    }
  }
}
